
Microsoft Visual Studio Solution File, Format Version 12.00
# Visual Studio Version 17
VisualStudioVersion = 17.5.002.0
MinimumVisualStudioVersion = 10.0.40219.1
Project("{9A19103F-16F7-4668-BE54-9A1E7A4F7556}") = "HairSalonBookingApp", "HairSalonBookingApp.csproj", "{22545A5C-EF80-4F71-87EA-F149A71095C6}"
EndProject
Global
	GlobalSection(SolutionConfigurationPlatforms) = preSolution
		Debug|Any CPU = Debug|Any CPU
		Release|Any CPU = Release|Any CPU
	EndGlobalSection
	GlobalSection(ProjectConfigurationPlatforms) = postSolution
		{22545A5C-EF80-4F71-87EA-F149A71095C6}.Debug|Any CPU.ActiveCfg = Debug|Any CPU
		{22545A5C-EF80-4F71-87EA-F149A71095C6}.Debug|Any CPU.Build.0 = Debug|Any CPU
		{22545A5C-EF80-4F71-87EA-F149A71095C6}.Release|Any CPU.ActiveCfg = Release|Any CPU
		{22545A5C-EF80-4F71-87EA-F149A71095C6}.Release|Any CPU.Build.0 = Release|Any CPU
	EndGlobalSection
	GlobalSection(SolutionProperties) = preSolution
		HideSolutionNode = FALSE
	EndGlobalSection
	GlobalSection(ExtensibilityGlobals) = postSolution
		SolutionGuid = {C0901824-4719-4BCD-A576-3FFF75DCE407}
	EndGlobalSection
EndGlobal
