
Microsoft Visual Studio Solution File, Format Version 12.00
# Visual Studio Version 17
VisualStudioVersion = 17.10.35027.167
MinimumVisualStudioVersion = 10.0.40219.1
Project("{FAE04EC0-301F-11D3-BF4B-00C04F79EFBC}") = "HairSalonBookingApp", "HairSalonBookingApp.csproj", "{6587BA8C-C94D-408A-A3EF-E5EFB668CA77}"
EndProject
Global
	GlobalSection(SolutionConfigurationPlatforms) = preSolution
		Debug|Any CPU = Debug|Any CPU
		Release|Any CPU = Release|Any CPU
	EndGlobalSection
	GlobalSection(ProjectConfigurationPlatforms) = postSolution
		{6587BA8C-C94D-408A-A3EF-E5EFB668CA77}.Debug|Any CPU.ActiveCfg = Debug|Any CPU
		{6587BA8C-C94D-408A-A3EF-E5EFB668CA77}.Debug|Any CPU.Build.0 = Debug|Any CPU
		{6587BA8C-C94D-408A-A3EF-E5EFB668CA77}.Release|Any CPU.ActiveCfg = Release|Any CPU
		{6587BA8C-C94D-408A-A3EF-E5EFB668CA77}.Release|Any CPU.Build.0 = Release|Any CPU
	EndGlobalSection
	GlobalSection(SolutionProperties) = preSolution
		HideSolutionNode = FALSE
	EndGlobalSection
	GlobalSection(ExtensibilityGlobals) = postSolution
		SolutionGuid = {38001817-A4B3-486F-9897-7C80340B74C2}
	EndGlobalSection
EndGlobal
